
Microsoft Visual Studio Solution File, Format Version 12.00
# Visual Studio Version 17
VisualStudioVersion = 17.11.35312.102
MinimumVisualStudioVersion = 10.0.40219.1
Project("{FAE04EC0-301F-11D3-BF4B-00C04F79EFBC}") = "Liberary_HW_13", "Liberary_HW_13\Liberary_HW_13.csproj", "{F42B731E-ABB0-43E0-9490-298661A4622C}"
EndProject
Global
	GlobalSection(SolutionConfigurationPlatforms) = preSolution
		Debug|Any CPU = Debug|Any CPU
		Release|Any CPU = Release|Any CPU
	EndGlobalSection
	GlobalSection(ProjectConfigurationPlatforms) = postSolution
		{F42B731E-ABB0-43E0-9490-298661A4622C}.Debug|Any CPU.ActiveCfg = Debug|Any CPU
		{F42B731E-ABB0-43E0-9490-298661A4622C}.Debug|Any CPU.Build.0 = Debug|Any CPU
		{F42B731E-ABB0-43E0-9490-298661A4622C}.Release|Any CPU.ActiveCfg = Release|Any CPU
		{F42B731E-ABB0-43E0-9490-298661A4622C}.Release|Any CPU.Build.0 = Release|Any CPU
	EndGlobalSection
	GlobalSection(SolutionProperties) = preSolution
		HideSolutionNode = FALSE
	EndGlobalSection
	GlobalSection(ExtensibilityGlobals) = postSolution
		SolutionGuid = {090507D7-82E5-487F-8224-045D3499DBD5}
	EndGlobalSection
EndGlobal
